
Microsoft Visual Studio Solution File, Format Version 12.00
Project("{2150E333-8FDC-42A3-9474-1A3956D46DE8}") = "Session1_introduction", "Session1_introduction", "{EAB7ECBB-0804-4AFC-9F72-96BBE29BA809}"
EndProject
Project("{2150E333-8FDC-42A3-9474-1A3956D46DE8}") = "Session2_introduction", "Session2_introduction", "{833D159F-F77C-4584-AD39-CEC6AD6142D9}"
EndProject
Project("{FAE04EC0-301F-11D3-BF4B-00C04F79EFBC}") = "s1_person", "session1\s1_person\s1_person.csproj", "{475756B2-9B86-4E11-BFF3-BF1A51C85E7F}"
EndProject
Project("{FAE04EC0-301F-11D3-BF4B-00C04F79EFBC}") = "s1_numbers", "session1\s1_numbers\s1_numbers.csproj", "{1799509F-10CC-492F-8387-F81A8531A39F}"
EndProject
Project("{FAE04EC0-301F-11D3-BF4B-00C04F79EFBC}") = "s1_calculator", "session1\s1_calculatornamespace\s1_calculator\s1_calculator.csproj", "{1A13C945-7C63-4E72-813E-D8E85297FE9F}"
EndProject
Project("{FAE04EC0-301F-11D3-BF4B-00C04F79EFBC}") = "s1_MoreMath", "Session1\s1_MoreMath\s1_MoreMath.csproj", "{FE67EBD6-7CBB-4E0E-9729-DBBCA321FF30}"
EndProject
Project("{FAE04EC0-301F-11D3-BF4B-00C04F79EFBC}") = "s2_polymorfism", "Session2\s2_polymorfism\s2_polymorfism.csproj", "{8688795F-9D00-4C27-AA30-BEF38C018666}"
EndProject
Project("{FAE04EC0-301F-11D3-BF4B-00C04F79EFBC}") = "s2_WaitingRoom", "Session2\s2_WaitingRoom\s2_WaitingRoom.csproj", "{F3049987-2F4C-434B-BE4B-5307F20FAC0A}"
EndProject
Project("{2150E333-8FDC-42A3-9474-1A3956D46DE8}") = "Session3_Advanced", "Session3_Advanced", "{B6270665-59E2-4355-B0B8-4FA298ED0911}"
EndProject
Project("{FAE04EC0-301F-11D3-BF4B-00C04F79EFBC}") = "e1_JSONintro", "Session3\e1_JSONintro\e1_JSONintro.csproj", "{D4F4145B-35FE-4758-ADA5-2BCB2210D577}"
EndProject
Project("{FAE04EC0-301F-11D3-BF4B-00C04F79EFBC}") = "e2_fileStorage", "Session3\e2_fileStorage\e2_fileStorage.csproj", "{FC7B2DCC-82CF-4504-BE06-2F65CE6359B5}"
EndProject
Project("{FAE04EC0-301F-11D3-BF4B-00C04F79EFBC}") = "e3_echoClient", "Session3\e3_echoClient\e3_echoClient.csproj", "{576FE63F-E271-4644-8BA2-0FE239626172}"
EndProject
Project("{FAE04EC0-301F-11D3-BF4B-00C04F79EFBC}") = "e3_echoServer", "Session3\e3_echoServer\e3_echoServer.csproj", "{B85B1C8E-0890-41A5-80F5-52750272232B}"
EndProject
Project("{2150E333-8FDC-42A3-9474-1A3956D46DE8}") = "e3_echo", "e3_echo", "{1104C691-50EB-4F44-AD12-6CEC8850ACB5}"
EndProject
Project("{2150E333-8FDC-42A3-9474-1A3956D46DE8}") = "e4_multiThreading", "e4_multiThreading", "{132E0167-51E8-4FC0-B781-B8D1C9A9000F}"
EndProject
Project("{FAE04EC0-301F-11D3-BF4B-00C04F79EFBC}") = "e4_MultiServer", "Session3\e4_MultiServer\e4_MultiServer.csproj", "{904C94E1-728B-477F-AD6A-21675A7F1E55}"
EndProject
Project("{FAE04EC0-301F-11D3-BF4B-00C04F79EFBC}") = "e4_MultiClient", "Session3\e4_MultiClient\e4_MultiClient.csproj", "{A5E3D9A1-F6A3-4349-A458-3FBE985F7F3A}"
EndProject
Project("{FAE04EC0-301F-11D3-BF4B-00C04F79EFBC}") = "s2_CarsAndPredicates", "Session2\s2_CarsAndPredicates\s2_CarsAndPredicates.csproj", "{67E481B4-F5A7-428B-8FBC-916BB5C9BA0D}"
EndProject
Project("{FAE04EC0-301F-11D3-BF4B-00C04F79EFBC}") = "Session4_Blazor", "Session4\Session4_Blazor\Session4_Blazor.csproj", "{05C506EF-3372-4267-B455-915FA715D68A}"
EndProject
Project("{2150E333-8FDC-42A3-9474-1A3956D46DE8}") = "Session4-Blazor", "Session4-Blazor", "{3ADDEE50-6C5A-40B6-8EE2-E1EE3AB52160}"
EndProject
Project("{FAE04EC0-301F-11D3-BF4B-00C04F79EFBC}") = "s4_BlazorDemo", "Session4\s4_BlazorDemo\s4_BlazorDemo.csproj", "{19C460F8-DB46-4343-AE62-EDB7D4FE9CE3}"
EndProject
Project("{FAE04EC0-301F-11D3-BF4B-00C04F79EFBC}") = "Session9_DataAccess", "Session9_DataAccess\Session9_DataAccess.csproj", "{AA24AD9F-1241-455C-B560-87E5C7B29843}"
EndProject
Project("{2150E333-8FDC-42A3-9474-1A3956D46DE8}") = "Session9_DataAccess", "Session9_DataAccess", "{395C9EEF-3AD6-4E50-8207-45AA3AA72710}"
EndProject
Global
	GlobalSection(SolutionConfigurationPlatforms) = preSolution
		Debug|Any CPU = Debug|Any CPU
		Release|Any CPU = Release|Any CPU
	EndGlobalSection
	GlobalSection(ProjectConfigurationPlatforms) = postSolution
		{475756B2-9B86-4E11-BFF3-BF1A51C85E7F}.Debug|Any CPU.ActiveCfg = Debug|Any CPU
		{475756B2-9B86-4E11-BFF3-BF1A51C85E7F}.Debug|Any CPU.Build.0 = Debug|Any CPU
		{475756B2-9B86-4E11-BFF3-BF1A51C85E7F}.Release|Any CPU.ActiveCfg = Release|Any CPU
		{475756B2-9B86-4E11-BFF3-BF1A51C85E7F}.Release|Any CPU.Build.0 = Release|Any CPU
		{1799509F-10CC-492F-8387-F81A8531A39F}.Debug|Any CPU.ActiveCfg = Debug|Any CPU
		{1799509F-10CC-492F-8387-F81A8531A39F}.Debug|Any CPU.Build.0 = Debug|Any CPU
		{1799509F-10CC-492F-8387-F81A8531A39F}.Release|Any CPU.ActiveCfg = Release|Any CPU
		{1799509F-10CC-492F-8387-F81A8531A39F}.Release|Any CPU.Build.0 = Release|Any CPU
		{1A13C945-7C63-4E72-813E-D8E85297FE9F}.Debug|Any CPU.ActiveCfg = Debug|Any CPU
		{1A13C945-7C63-4E72-813E-D8E85297FE9F}.Debug|Any CPU.Build.0 = Debug|Any CPU
		{1A13C945-7C63-4E72-813E-D8E85297FE9F}.Release|Any CPU.ActiveCfg = Release|Any CPU
		{1A13C945-7C63-4E72-813E-D8E85297FE9F}.Release|Any CPU.Build.0 = Release|Any CPU
		{FE67EBD6-7CBB-4E0E-9729-DBBCA321FF30}.Debug|Any CPU.ActiveCfg = Debug|Any CPU
		{FE67EBD6-7CBB-4E0E-9729-DBBCA321FF30}.Debug|Any CPU.Build.0 = Debug|Any CPU
		{FE67EBD6-7CBB-4E0E-9729-DBBCA321FF30}.Release|Any CPU.ActiveCfg = Release|Any CPU
		{FE67EBD6-7CBB-4E0E-9729-DBBCA321FF30}.Release|Any CPU.Build.0 = Release|Any CPU
		{8688795F-9D00-4C27-AA30-BEF38C018666}.Debug|Any CPU.ActiveCfg = Debug|Any CPU
		{8688795F-9D00-4C27-AA30-BEF38C018666}.Debug|Any CPU.Build.0 = Debug|Any CPU
		{8688795F-9D00-4C27-AA30-BEF38C018666}.Release|Any CPU.ActiveCfg = Release|Any CPU
		{8688795F-9D00-4C27-AA30-BEF38C018666}.Release|Any CPU.Build.0 = Release|Any CPU
		{F3049987-2F4C-434B-BE4B-5307F20FAC0A}.Debug|Any CPU.ActiveCfg = Debug|Any CPU
		{F3049987-2F4C-434B-BE4B-5307F20FAC0A}.Debug|Any CPU.Build.0 = Debug|Any CPU
		{F3049987-2F4C-434B-BE4B-5307F20FAC0A}.Release|Any CPU.ActiveCfg = Release|Any CPU
		{F3049987-2F4C-434B-BE4B-5307F20FAC0A}.Release|Any CPU.Build.0 = Release|Any CPU
		{D4F4145B-35FE-4758-ADA5-2BCB2210D577}.Debug|Any CPU.ActiveCfg = Debug|Any CPU
		{D4F4145B-35FE-4758-ADA5-2BCB2210D577}.Debug|Any CPU.Build.0 = Debug|Any CPU
		{D4F4145B-35FE-4758-ADA5-2BCB2210D577}.Release|Any CPU.ActiveCfg = Release|Any CPU
		{D4F4145B-35FE-4758-ADA5-2BCB2210D577}.Release|Any CPU.Build.0 = Release|Any CPU
		{FC7B2DCC-82CF-4504-BE06-2F65CE6359B5}.Debug|Any CPU.ActiveCfg = Debug|Any CPU
		{FC7B2DCC-82CF-4504-BE06-2F65CE6359B5}.Debug|Any CPU.Build.0 = Debug|Any CPU
		{FC7B2DCC-82CF-4504-BE06-2F65CE6359B5}.Release|Any CPU.ActiveCfg = Release|Any CPU
		{FC7B2DCC-82CF-4504-BE06-2F65CE6359B5}.Release|Any CPU.Build.0 = Release|Any CPU
		{576FE63F-E271-4644-8BA2-0FE239626172}.Debug|Any CPU.ActiveCfg = Debug|Any CPU
		{576FE63F-E271-4644-8BA2-0FE239626172}.Debug|Any CPU.Build.0 = Debug|Any CPU
		{576FE63F-E271-4644-8BA2-0FE239626172}.Release|Any CPU.ActiveCfg = Release|Any CPU
		{576FE63F-E271-4644-8BA2-0FE239626172}.Release|Any CPU.Build.0 = Release|Any CPU
		{B85B1C8E-0890-41A5-80F5-52750272232B}.Debug|Any CPU.ActiveCfg = Debug|Any CPU
		{B85B1C8E-0890-41A5-80F5-52750272232B}.Debug|Any CPU.Build.0 = Debug|Any CPU
		{B85B1C8E-0890-41A5-80F5-52750272232B}.Release|Any CPU.ActiveCfg = Release|Any CPU
		{B85B1C8E-0890-41A5-80F5-52750272232B}.Release|Any CPU.Build.0 = Release|Any CPU
		{904C94E1-728B-477F-AD6A-21675A7F1E55}.Debug|Any CPU.ActiveCfg = Debug|Any CPU
		{904C94E1-728B-477F-AD6A-21675A7F1E55}.Debug|Any CPU.Build.0 = Debug|Any CPU
		{904C94E1-728B-477F-AD6A-21675A7F1E55}.Release|Any CPU.ActiveCfg = Release|Any CPU
		{904C94E1-728B-477F-AD6A-21675A7F1E55}.Release|Any CPU.Build.0 = Release|Any CPU
		{A5E3D9A1-F6A3-4349-A458-3FBE985F7F3A}.Debug|Any CPU.ActiveCfg = Debug|Any CPU
		{A5E3D9A1-F6A3-4349-A458-3FBE985F7F3A}.Debug|Any CPU.Build.0 = Debug|Any CPU
		{A5E3D9A1-F6A3-4349-A458-3FBE985F7F3A}.Release|Any CPU.ActiveCfg = Release|Any CPU
		{A5E3D9A1-F6A3-4349-A458-3FBE985F7F3A}.Release|Any CPU.Build.0 = Release|Any CPU
		{67E481B4-F5A7-428B-8FBC-916BB5C9BA0D}.Debug|Any CPU.ActiveCfg = Debug|Any CPU
		{67E481B4-F5A7-428B-8FBC-916BB5C9BA0D}.Debug|Any CPU.Build.0 = Debug|Any CPU
		{67E481B4-F5A7-428B-8FBC-916BB5C9BA0D}.Release|Any CPU.ActiveCfg = Release|Any CPU
		{67E481B4-F5A7-428B-8FBC-916BB5C9BA0D}.Release|Any CPU.Build.0 = Release|Any CPU
		{05C506EF-3372-4267-B455-915FA715D68A}.Debug|Any CPU.ActiveCfg = Debug|Any CPU
		{05C506EF-3372-4267-B455-915FA715D68A}.Debug|Any CPU.Build.0 = Debug|Any CPU
		{05C506EF-3372-4267-B455-915FA715D68A}.Release|Any CPU.ActiveCfg = Release|Any CPU
		{05C506EF-3372-4267-B455-915FA715D68A}.Release|Any CPU.Build.0 = Release|Any CPU
		{19C460F8-DB46-4343-AE62-EDB7D4FE9CE3}.Debug|Any CPU.ActiveCfg = Debug|Any CPU
		{19C460F8-DB46-4343-AE62-EDB7D4FE9CE3}.Debug|Any CPU.Build.0 = Debug|Any CPU
		{19C460F8-DB46-4343-AE62-EDB7D4FE9CE3}.Release|Any CPU.ActiveCfg = Release|Any CPU
		{19C460F8-DB46-4343-AE62-EDB7D4FE9CE3}.Release|Any CPU.Build.0 = Release|Any CPU
		{AA24AD9F-1241-455C-B560-87E5C7B29843}.Debug|Any CPU.ActiveCfg = Debug|Any CPU
		{AA24AD9F-1241-455C-B560-87E5C7B29843}.Debug|Any CPU.Build.0 = Debug|Any CPU
		{AA24AD9F-1241-455C-B560-87E5C7B29843}.Release|Any CPU.ActiveCfg = Release|Any CPU
		{AA24AD9F-1241-455C-B560-87E5C7B29843}.Release|Any CPU.Build.0 = Release|Any CPU
	EndGlobalSection
	GlobalSection(NestedProjects) = preSolution
		{475756B2-9B86-4E11-BFF3-BF1A51C85E7F} = {EAB7ECBB-0804-4AFC-9F72-96BBE29BA809}
		{1799509F-10CC-492F-8387-F81A8531A39F} = {EAB7ECBB-0804-4AFC-9F72-96BBE29BA809}
		{1A13C945-7C63-4E72-813E-D8E85297FE9F} = {EAB7ECBB-0804-4AFC-9F72-96BBE29BA809}
		{FE67EBD6-7CBB-4E0E-9729-DBBCA321FF30} = {EAB7ECBB-0804-4AFC-9F72-96BBE29BA809}
		{8688795F-9D00-4C27-AA30-BEF38C018666} = {833D159F-F77C-4584-AD39-CEC6AD6142D9}
		{F3049987-2F4C-434B-BE4B-5307F20FAC0A} = {833D159F-F77C-4584-AD39-CEC6AD6142D9}
		{D4F4145B-35FE-4758-ADA5-2BCB2210D577} = {B6270665-59E2-4355-B0B8-4FA298ED0911}
		{FC7B2DCC-82CF-4504-BE06-2F65CE6359B5} = {B6270665-59E2-4355-B0B8-4FA298ED0911}
		{1104C691-50EB-4F44-AD12-6CEC8850ACB5} = {B6270665-59E2-4355-B0B8-4FA298ED0911}
		{576FE63F-E271-4644-8BA2-0FE239626172} = {1104C691-50EB-4F44-AD12-6CEC8850ACB5}
		{B85B1C8E-0890-41A5-80F5-52750272232B} = {1104C691-50EB-4F44-AD12-6CEC8850ACB5}
		{132E0167-51E8-4FC0-B781-B8D1C9A9000F} = {B6270665-59E2-4355-B0B8-4FA298ED0911}
		{904C94E1-728B-477F-AD6A-21675A7F1E55} = {132E0167-51E8-4FC0-B781-B8D1C9A9000F}
		{A5E3D9A1-F6A3-4349-A458-3FBE985F7F3A} = {132E0167-51E8-4FC0-B781-B8D1C9A9000F}
		{67E481B4-F5A7-428B-8FBC-916BB5C9BA0D} = {833D159F-F77C-4584-AD39-CEC6AD6142D9}
		{05C506EF-3372-4267-B455-915FA715D68A} = {3ADDEE50-6C5A-40B6-8EE2-E1EE3AB52160}
		{19C460F8-DB46-4343-AE62-EDB7D4FE9CE3} = {3ADDEE50-6C5A-40B6-8EE2-E1EE3AB52160}
		{AA24AD9F-1241-455C-B560-87E5C7B29843} = {395C9EEF-3AD6-4E50-8207-45AA3AA72710}
	EndGlobalSection
EndGlobal
